// !$*UTF8*$!
{
	archiveVersion = 1;
	classes = {
	};
	objectVersion = 50;
	objects = {

/* Begin PBXBuildFile section */
		A3E1D41F20D9498900EF2066 /* AppDelegate.swift in Sources */ = {isa = PBXBuildFile; fileRef = A3E1D41E20D9498900EF2066 /* AppDelegate.swift */; };
		A3E1D42120D9498900EF2066 /* art.scnassets in Resources */ = {isa = PBXBuildFile; fileRef = A3E1D42020D9498900EF2066 /* art.scnassets */; };
		A3E1D42320D9498900EF2066 /* ViewController.swift in Sources */ = {isa = PBXBuildFile; fileRef = A3E1D42220D9498900EF2066 /* ViewController.swift */; };
		A3E1D42620D9498900EF2066 /* Main.storyboard in Resources */ = {isa = PBXBuildFile; fileRef = A3E1D42420D9498900EF2066 /* Main.storyboard */; };
		A3E1D42820D9498B00EF2066 /* Assets.xcassets in Resources */ = {isa = PBXBuildFile; fileRef = A3E1D42720D9498B00EF2066 /* Assets.xcassets */; };
		A3E1D42B20D9498B00EF2066 /* LaunchScreen.storyboard in Resources */ = {isa = PBXBuildFile; fileRef = A3E1D42920D9498B00EF2066 /* LaunchScreen.storyboard */; };
		A3E1D43620D9498B00EF2066 /* testAR01Tests.swift in Sources */ = {isa = PBXBuildFile; fileRef = A3E1D43520D9498B00EF2066 /* testAR01Tests.swift */; };
		A3E1D44120D9498B00EF2066 /* testAR01UITests.swift in Sources */ = {isa = PBXBuildFile; fileRef = A3E1D44020D9498B00EF2066 /* testAR01UITests.swift */; };
		A3E1D45020D94A0100EF2066 /* spark.png in Resources */ = {isa = PBXBuildFile; fileRef = A3E1D44E20D94A0100EF2066 /* spark.png */; };
		A3E1D45120D94A0100EF2066 /* Rain.scnp in Resources */ = {isa = PBXBuildFile; fileRef = A3E1D44F20D94A0100EF2066 /* Rain.scnp */; };
		A3E1D45320D94A9C00EF2066 /* Fire.scnp in Resources */ = {isa = PBXBuildFile; fileRef = A3E1D45220D94A9C00EF2066 /* Fire.scnp */; };
		A3E1D45520D94DCF00EF2066 /* Splash.scnp in Resources */ = {isa = PBXBuildFile; fileRef = A3E1D45420D94DCF00EF2066 /* Splash.scnp */; };
/* End PBXBuildFile section */

/* Begin PBXContainerItemProxy section */
		A3E1D43220D9498B00EF2066 /* PBXContainerItemProxy */ = {
			isa = PBXContainerItemProxy;
			containerPortal = A3E1D41320D9498900EF2066 /* Project object */;
			proxyType = 1;
			remoteGlobalIDString = A3E1D41A20D9498900EF2066;
			remoteInfo = testAR01;
		};
		A3E1D43D20D9498B00EF2066 /* PBXContainerItemProxy */ = {
			isa = PBXContainerItemProxy;
			containerPortal = A3E1D41320D9498900EF2066 /* Project object */;
			proxyType = 1;
			remoteGlobalIDString = A3E1D41A20D9498900EF2066;
			remoteInfo = testAR01;
		};
/* End PBXContainerItemProxy section */

/* Begin PBXFileReference section */
		A3E1D41B20D9498900EF2066 /* testAR01.app */ = {isa = PBXFileReference; explicitFileType = wrapper.application; includeInIndex = 0; path = testAR01.app; sourceTree = BUILT_PRODUCTS_DIR; };
		A3E1D41E20D9498900EF2066 /* AppDelegate.swift */ = {isa = PBXFileReference; lastKnownFileType = sourcecode.swift; path = AppDelegate.swift; sourceTree = "<group>"; };
		A3E1D42020D9498900EF2066 /* art.scnassets */ = {isa = PBXFileReference; lastKnownFileType = wrapper.scnassets; path = art.scnassets; sourceTree = "<group>"; };
		A3E1D42220D9498900EF2066 /* ViewController.swift */ = {isa = PBXFileReference; lastKnownFileType = sourcecode.swift; path = ViewController.swift; sourceTree = "<group>"; };
		A3E1D42520D9498900EF2066 /* Base */ = {isa = PBXFileReference; lastKnownFileType = file.storyboard; name = Base; path = Base.lproj/Main.storyboard; sourceTree = "<group>"; };
		A3E1D42720D9498B00EF2066 /* Assets.xcassets */ = {isa = PBXFileReference; lastKnownFileType = folder.assetcatalog; path = Assets.xcassets; sourceTree = "<group>"; };
		A3E1D42A20D9498B00EF2066 /* Base */ = {isa = PBXFileReference; lastKnownFileType = file.storyboard; name = Base; path = Base.lproj/LaunchScreen.storyboard; sourceTree = "<group>"; };
		A3E1D42C20D9498B00EF2066 /* Info.plist */ = {isa = PBXFileReference; lastKnownFileType = text.plist.xml; path = Info.plist; sourceTree = "<group>"; };
		A3E1D43120D9498B00EF2066 /* testAR01Tests.xctest */ = {isa = PBXFileReference; explicitFileType = wrapper.cfbundle; includeInIndex = 0; path = testAR01Tests.xctest; sourceTree = BUILT_PRODUCTS_DIR; };
		A3E1D43520D9498B00EF2066 /* testAR01Tests.swift */ = {isa = PBXFileReference; lastKnownFileType = sourcecode.swift; path = testAR01Tests.swift; sourceTree = "<group>"; };
		A3E1D43720D9498B00EF2066 /* Info.plist */ = {isa = PBXFileReference; lastKnownFileType = text.plist.xml; path = Info.plist; sourceTree = "<group>"; };
		A3E1D43C20D9498B00EF2066 /* testAR01UITests.xctest */ = {isa = PBXFileReference; explicitFileType = wrapper.cfbundle; includeInIndex = 0; path = testAR01UITests.xctest; sourceTree = BUILT_PRODUCTS_DIR; };
		A3E1D44020D9498B00EF2066 /* testAR01UITests.swift */ = {isa = PBXFileReference; lastKnownFileType = sourcecode.swift; path = testAR01UITests.swift; sourceTree = "<group>"; };
		A3E1D44220D9498B00EF2066 /* Info.plist */ = {isa = PBXFileReference; lastKnownFileType = text.plist.xml; path = Info.plist; sourceTree = "<group>"; };
		A3E1D44E20D94A0100EF2066 /* spark.png */ = {isa = PBXFileReference; lastKnownFileType = image.png; path = spark.png; sourceTree = "<group>"; };
		A3E1D44F20D94A0100EF2066 /* Rain.scnp */ = {isa = PBXFileReference; lastKnownFileType = file.scp; path = Rain.scnp; sourceTree = "<group>"; };
		A3E1D45220D94A9C00EF2066 /* Fire.scnp */ = {isa = PBXFileReference; lastKnownFileType = file.scp; path = Fire.scnp; sourceTree = "<group>"; };
		A3E1D45420D94DCF00EF2066 /* Splash.scnp */ = {isa = PBXFileReference; lastKnownFileType = file.scp; path = Splash.scnp; sourceTree = "<group>"; };
/* End PBXFileReference section */

/* Begin PBXFrameworksBuildPhase section */
		A3E1D41820D9498900EF2066 /* Frameworks */ = {
			isa = PBXFrameworksBuildPhase;
			buildActionMask = 2147483647;
			files = (
			);
			runOnlyForDeploymentPostprocessing = 0;
		};
		A3E1D42E20D9498B00EF2066 /* Frameworks */ = {
			isa = PBXFrameworksBuildPhase;
			buildActionMask = 2147483647;
			files = (
			);
			runOnlyForDeploymentPostprocessing = 0;
		};
		A3E1D43920D9498B00EF2066 /* Frameworks */ = {
			isa = PBXFrameworksBuildPhase;
			buildActionMask = 2147483647;
			files = (
			);
			runOnlyForDeploymentPostprocessing = 0;
		};
/* End PBXFrameworksBuildPhase section */

/* Begin PBXGroup section */
		A3E1D41220D9498900EF2066 = {
			isa = PBXGroup;
			children = (
				A3E1D41D20D9498900EF2066 /* testAR01 */,
				A3E1D43420D9498B00EF2066 /* testAR01Tests */,
				A3E1D43F20D9498B00EF2066 /* testAR01UITests */,
				A3E1D41C20D9498900EF2066 /* Products */,
			);
			sourceTree = "<group>";
		};
		A3E1D41C20D9498900EF2066 /* Products */ = {
			isa = PBXGroup;
			children = (
				A3E1D41B20D9498900EF2066 /* testAR01.app */,
				A3E1D43120D9498B00EF2066 /* testAR01Tests.xctest */,
				A3E1D43C20D9498B00EF2066 /* testAR01UITests.xctest */,
			);
			name = Products;
			sourceTree = "<group>";
		};
		A3E1D41D20D9498900EF2066 /* testAR01 */ = {
			isa = PBXGroup;
			children = (
				A3E1D41E20D9498900EF2066 /* AppDelegate.swift */,
				A3E1D42020D9498900EF2066 /* art.scnassets */,
				A3E1D42220D9498900EF2066 /* ViewController.swift */,
				A3E1D45420D94DCF00EF2066 /* Splash.scnp */,
				A3E1D45220D94A9C00EF2066 /* Fire.scnp */,
				A3E1D42420D9498900EF2066 /* Main.storyboard */,
				A3E1D42720D9498B00EF2066 /* Assets.xcassets */,
				A3E1D42920D9498B00EF2066 /* LaunchScreen.storyboard */,
				A3E1D42C20D9498B00EF2066 /* Info.plist */,
				A3E1D44E20D94A0100EF2066 /* spark.png */,
				A3E1D44F20D94A0100EF2066 /* Rain.scnp */,
			);
			path = testAR01;
			sourceTree = "<group>";
		};
		A3E1D43420D9498B00EF2066 /* testAR01Tests */ = {
			isa = PBXGroup;
			children = (
				A3E1D43520D9498B00EF2066 /* testAR01Tests.swift */,
				A3E1D43720D9498B00EF2066 /* Info.plist */,
			);
			path = testAR01Tests;
			sourceTree = "<group>";
		};
		A3E1D43F20D9498B00EF2066 /* testAR01UITests */ = {
			isa = PBXGroup;
			children = (
				A3E1D44020D9498B00EF2066 /* testAR01UITests.swift */,
				A3E1D44220D9498B00EF2066 /* Info.plist */,
			);
			path = testAR01UITests;
			sourceTree = "<group>";
		};
/* End PBXGroup section */

/* Begin PBXNativeTarget section */
		A3E1D41A20D9498900EF2066 /* testAR01 */ = {
			isa = PBXNativeTarget;
			buildConfigurationList = A3E1D44520D9498B00EF2066 /* Build configuration list for PBXNativeTarget "testAR01" */;
			buildPhases = (
				A3E1D41720D9498900EF2066 /* Sources */,
				A3E1D41820D9498900EF2066 /* Frameworks */,
				A3E1D41920D9498900EF2066 /* Resources */,
			);
			buildRules = (
			);
			dependencies = (
			);
			name = testAR01;
			productName = testAR01;
			productReference = A3E1D41B20D9498900EF2066 /* testAR01.app */;
			productType = "com.apple.product-type.application";
		};
		A3E1D43020D9498B00EF2066 /* testAR01Tests */ = {
			isa = PBXNativeTarget;
			buildConfigurationList = A3E1D44820D9498B00EF2066 /* Build configuration list for PBXNativeTarget "testAR01Tests" */;
			buildPhases = (
				A3E1D42D20D9498B00EF2066 /* Sources */,
				A3E1D42E20D9498B00EF2066 /* Frameworks */,
				A3E1D42F20D9498B00EF2066 /* Resources */,
			);
			buildRules = (
			);
			dependencies = (
				A3E1D43320D9498B00EF2066 /* PBXTargetDependency */,
			);
			name = testAR01Tests;
			productName = testAR01Tests;
			productReference = A3E1D43120D9498B00EF2066 /* testAR01Tests.xctest */;
			productType = "com.apple.product-type.bundle.unit-test";
		};
		A3E1D43B20D9498B00EF2066 /* testAR01UITests */ = {
			isa = PBXNativeTarget;
			buildConfigurationList = A3E1D44B20D9498B00EF2066 /* Build configuration list for PBXNativeTarget "testAR01UITests" */;
			buildPhases = (
				A3E1D43820D9498B00EF2066 /* Sources */,
				A3E1D43920D9498B00EF2066 /* Frameworks */,
				A3E1D43A20D9498B00EF2066 /* Resources */,
			);
			buildRules = (
			);
			dependencies = (
				A3E1D43E20D9498B00EF2066 /* PBXTargetDependency */,
			);
			name = testAR01UITests;
			productName = testAR01UITests;
			productReference = A3E1D43C20D9498B00EF2066 /* testAR01UITests.xctest */;
			productType = "com.apple.product-type.bundle.ui-testing";
		};
/* End PBXNativeTarget section */

/* Begin PBXProject section */
		A3E1D41320D9498900EF2066 /* Project object */ = {
			isa = PBXProject;
			attributes = {
				LastSwiftUpdateCheck = 1000;
				LastUpgradeCheck = 1000;
				ORGANIZATIONNAME = "有本淳吾";
				TargetAttributes = {
					A3E1D41A20D9498900EF2066 = {
						CreatedOnToolsVersion = 10.0;
					};
					A3E1D43020D9498B00EF2066 = {
						CreatedOnToolsVersion = 10.0;
						TestTargetID = A3E1D41A20D9498900EF2066;
					};
					A3E1D43B20D9498B00EF2066 = {
						CreatedOnToolsVersion = 10.0;
						TestTargetID = A3E1D41A20D9498900EF2066;
					};
				};
			};
			buildConfigurationList = A3E1D41620D9498900EF2066 /* Build configuration list for PBXProject "testAR01" */;
			compatibilityVersion = "Xcode 9.3";
			developmentRegion = en;
			hasScannedForEncodings = 0;
			knownRegions = (
				en,
				Base,
			);
			mainGroup = A3E1D41220D9498900EF2066;
			productRefGroup = A3E1D41C20D9498900EF2066 /* Products */;
			projectDirPath = "";
			projectRoot = "";
			targets = (
				A3E1D41A20D9498900EF2066 /* testAR01 */,
				A3E1D43020D9498B00EF2066 /* testAR01Tests */,
				A3E1D43B20D9498B00EF2066 /* testAR01UITests */,
			);
		};
/* End PBXProject section */

/* Begin PBXResourcesBuildPhase section */
		A3E1D41920D9498900EF2066 /* Resources */ = {
			isa = PBXResourcesBuildPhase;
			buildActionMask = 2147483647;
			files = (
				A3E1D45520D94DCF00EF2066 /* Splash.scnp in Resources */,
				A3E1D45020D94A0100EF2066 /* spark.png in Resources */,
				A3E1D42120D9498900EF2066 /* art.scnassets in Resources */,
				A3E1D42B20D9498B00EF2066 /* LaunchScreen.storyboard in Resources */,
				A3E1D42820D9498B00EF2066 /* Assets.xcassets in Resources */,
				A3E1D42620D9498900EF2066 /* Main.storyboard in Resources */,
				A3E1D45320D94A9C00EF2066 /* Fire.scnp in Resources */,
				A3E1D45120D94A0100EF2066 /* Rain.scnp in Resources */,
			);
			runOnlyForDeploymentPostprocessing = 0;
		};
		A3E1D42F20D9498B00EF2066 /* Resources */ = {
			isa = PBXResourcesBuildPhase;
			buildActionMask = 2147483647;
			files = (
			);
			runOnlyForDeploymentPostprocessing = 0;
		};
		A3E1D43A20D9498B00EF2066 /* Resources */ = {
			isa = PBXResourcesBuildPhase;
			buildActionMask = 2147483647;
			files = (
			);
			runOnlyForDeploymentPostprocessing = 0;
		};
/* End PBXResourcesBuildPhase section */

/* Begin PBXSourcesBuildPhase section */
		A3E1D41720D9498900EF2066 /* Sources */ = {
			isa = PBXSourcesBuildPhase;
			buildActionMask = 2147483647;
			files = (
				A3E1D42320D9498900EF2066 /* ViewController.swift in Sources */,
				A3E1D41F20D9498900EF2066 /* AppDelegate.swift in Sources */,
			);
			runOnlyForDeploymentPostprocessing = 0;
		};
		A3E1D42D20D9498B00EF2066 /* Sources */ = {
			isa = PBXSourcesBuildPhase;
			buildActionMask = 2147483647;
			files = (
				A3E1D43620D9498B00EF2066 /* testAR01Tests.swift in Sources */,
			);
			runOnlyForDeploymentPostprocessing = 0;
		};
		A3E1D43820D9498B00EF2066 /* Sources */ = {
			isa = PBXSourcesBuildPhase;
			buildActionMask = 2147483647;
			files = (
				A3E1D44120D9498B00EF2066 /* testAR01UITests.swift in Sources */,
			);
			runOnlyForDeploymentPostprocessing = 0;
		};
/* End PBXSourcesBuildPhase section */

/* Begin PBXTargetDependency section */
		A3E1D43320D9498B00EF2066 /* PBXTargetDependency */ = {
			isa = PBXTargetDependency;
			target = A3E1D41A20D9498900EF2066 /* testAR01 */;
			targetProxy = A3E1D43220D9498B00EF2066 /* PBXContainerItemProxy */;
		};
		A3E1D43E20D9498B00EF2066 /* PBXTargetDependency */ = {
			isa = PBXTargetDependency;
			target = A3E1D41A20D9498900EF2066 /* testAR01 */;
			targetProxy = A3E1D43D20D9498B00EF2066 /* PBXContainerItemProxy */;
		};
/* End PBXTargetDependency section */

/* Begin PBXVariantGroup section */
		A3E1D42420D9498900EF2066 /* Main.storyboard */ = {
			isa = PBXVariantGroup;
			children = (
				A3E1D42520D9498900EF2066 /* Base */,
			);
			name = Main.storyboard;
			sourceTree = "<group>";
		};
		A3E1D42920D9498B00EF2066 /* LaunchScreen.storyboard */ = {
			isa = PBXVariantGroup;
			children = (
				A3E1D42A20D9498B00EF2066 /* Base */,
			);
			name = LaunchScreen.storyboard;
			sourceTree = "<group>";
		};
/* End PBXVariantGroup section */

/* Begin XCBuildConfiguration section */
		A3E1D44320D9498B00EF2066 /* Debug */ = {
			isa = XCBuildConfiguration;
			buildSettings = {
				ALWAYS_SEARCH_USER_PATHS = NO;
				CLANG_ANALYZER_NONNULL = YES;
				CLANG_ANALYZER_NUMBER_OBJECT_CONVERSION = YES_AGGRESSIVE;
				CLANG_CXX_LANGUAGE_STANDARD = "gnu++14";
				CLANG_CXX_LIBRARY = "libc++";
				CLANG_ENABLE_MODULES = YES;
				CLANG_ENABLE_OBJC_ARC = YES;
				CLANG_ENABLE_OBJC_WEAK = YES;
				CLANG_WARN_BLOCK_CAPTURE_AUTORELEASING = YES;
				CLANG_WARN_BOOL_CONVERSION = YES;
				CLANG_WARN_COMMA = YES;
				CLANG_WARN_CONSTANT_CONVERSION = YES;
				CLANG_WARN_DEPRECATED_OBJC_IMPLEMENTATIONS = YES;
				CLANG_WARN_DIRECT_OBJC_ISA_USAGE = YES_ERROR;
				CLANG_WARN_DOCUMENTATION_COMMENTS = YES;
				CLANG_WARN_EMPTY_BODY = YES;
				CLANG_WARN_ENUM_CONVERSION = YES;
				CLANG_WARN_INFINITE_RECURSION = YES;
				CLANG_WARN_INT_CONVERSION = YES;
				CLANG_WARN_NON_LITERAL_NULL_CONVERSION = YES;
				CLANG_WARN_OBJC_IMPLICIT_RETAIN_SELF = YES;
				CLANG_WARN_OBJC_LITERAL_CONVERSION = YES;
				CLANG_WARN_OBJC_ROOT_CLASS = YES_ERROR;
				CLANG_WARN_RANGE_LOOP_ANALYSIS = YES;
				CLANG_WARN_STRICT_PROTOTYPES = YES;
				CLANG_WARN_SUSPICIOUS_MOVE = YES;
				CLANG_WARN_UNGUARDED_AVAILABILITY = YES_AGGRESSIVE;
				CLANG_WARN_UNREACHABLE_CODE = YES;
				CLANG_WARN__DUPLICATE_METHOD_MATCH = YES;
				CODE_SIGN_IDENTITY = "iPhone Developer";
				COPY_PHASE_STRIP = NO;
				DEBUG_INFORMATION_FORMAT = dwarf;
				ENABLE_STRICT_OBJC_MSGSEND = YES;
				ENABLE_TESTABILITY = YES;
				GCC_C_LANGUAGE_STANDARD = gnu11;
				GCC_DYNAMIC_NO_PIC = NO;
				GCC_NO_COMMON_BLOCKS = YES;
				GCC_OPTIMIZATION_LEVEL = 0;
				GCC_PREPROCESSOR_DEFINITIONS = (
					"DEBUG=1",
					"$(inherited)",
				);
				GCC_WARN_64_TO_32_BIT_CONVERSION = YES;
				GCC_WARN_ABOUT_RETURN_TYPE = YES_ERROR;
				GCC_WARN_UNDECLARED_SELECTOR = YES;
				GCC_WARN_UNINITIALIZED_AUTOS = YES_AGGRESSIVE;
				GCC_WARN_UNUSED_FUNCTION = YES;
				GCC_WARN_UNUSED_VARIABLE = YES;
				IPHONEOS_DEPLOYMENT_TARGET = 12.0;
				MTL_ENABLE_DEBUG_INFO = INCLUDE_SOURCE;
				ONLY_ACTIVE_ARCH = YES;
				SDKROOT = iphoneos;
				SWIFT_ACTIVE_COMPILATION_CONDITIONS = DEBUG;
				SWIFT_OPTIMIZATION_LEVEL = "-Onone";
			};
			name = Debug;
		};
		A3E1D44420D9498B00EF2066 /* Release */ = {
			isa = XCBuildConfiguration;
			buildSettings = {
				ALWAYS_SEARCH_USER_PATHS = NO;
				CLANG_ANALYZER_NONNULL = YES;
				CLANG_ANALYZER_NUMBER_OBJECT_CONVERSION = YES_AGGRESSIVE;
				CLANG_CXX_LANGUAGE_STANDARD = "gnu++14";
				CLANG_CXX_LIBRARY = "libc++";
				CLANG_ENABLE_MODULES = YES;
				CLANG_ENABLE_OBJC_ARC = YES;
				CLANG_ENABLE_OBJC_WEAK = YES;
				CLANG_WARN_BLOCK_CAPTURE_AUTORELEASING = YES;
				CLANG_WARN_BOOL_CONVERSION = YES;
				CLANG_WARN_COMMA = YES;
				CLANG_WARN_CONSTANT_CONVERSION = YES;
				CLANG_WARN_DEPRECATED_OBJC_IMPLEMENTATIONS = YES;
				CLANG_WARN_DIRECT_OBJC_ISA_USAGE = YES_ERROR;
				CLANG_WARN_DOCUMENTATION_COMMENTS = YES;
				CLANG_WARN_EMPTY_BODY = YES;
				CLANG_WARN_ENUM_CONVERSION = YES;
				CLANG_WARN_INFINITE_RECURSION = YES;
				CLANG_WARN_INT_CONVERSION = YES;
				CLANG_WARN_NON_LITERAL_NULL_CONVERSION = YES;
				CLANG_WARN_OBJC_IMPLICIT_RETAIN_SELF = YES;
				CLANG_WARN_OBJC_LITERAL_CONVERSION = YES;
				CLANG_WARN_OBJC_ROOT_CLASS = YES_ERROR;
				CLANG_WARN_RANGE_LOOP_ANALYSIS = YES;
				CLANG_WARN_STRICT_PROTOTYPES = YES;
				CLANG_WARN_SUSPICIOUS_MOVE = YES;
				CLANG_WARN_UNGUARDED_AVAILABILITY = YES_AGGRESSIVE;
				CLANG_WARN_UNREACHABLE_CODE = YES;
				CLANG_WARN__DUPLICATE_METHOD_MATCH = YES;
				CODE_SIGN_IDENTITY = "iPhone Developer";
				COPY_PHASE_STRIP = NO;
				DEBUG_INFORMATION_FORMAT = "dwarf-with-dsym";
				ENABLE_NS_ASSERTIONS = NO;
				ENABLE_STRICT_OBJC_MSGSEND = YES;
				GCC_C_LANGUAGE_STANDARD = gnu11;
				GCC_NO_COMMON_BLOCKS = YES;
				GCC_WARN_64_TO_32_BIT_CONVERSION = YES;
				GCC_WARN_ABOUT_RETURN_TYPE = YES_ERROR;
				GCC_WARN_UNDECLARED_SELECTOR = YES;
				GCC_WARN_UNINITIALIZED_AUTOS = YES_AGGRESSIVE;
				GCC_WARN_UNUSED_FUNCTION = YES;
				GCC_WARN_UNUSED_VARIABLE = YES;
				IPHONEOS_DEPLOYMENT_TARGET = 12.0;
				MTL_ENABLE_DEBUG_INFO = NO;
				SDKROOT = iphoneos;
				SWIFT_COMPILATION_MODE = wholemodule;
				SWIFT_OPTIMIZATION_LEVEL = "-O";
				VALIDATE_PRODUCT = YES;
			};
			name = Release;
		};
		A3E1D44620D9498B00EF2066 /* Debug */ = {
			isa = XCBuildConfiguration;
			buildSettings = {
				ASSETCATALOG_COMPILER_APPICON_NAME = AppIcon;
				CODE_SIGN_STYLE = Automatic;
				DEVELOPMENT_TEAM = 424TZ7WCP4;
				INFOPLIST_FILE = testAR01/Info.plist;
				LD_RUNPATH_SEARCH_PATHS = (
					"$(inherited)",
					"@executable_path/Frameworks",
				);
				PRODUCT_BUNDLE_IDENTIFIER = com.collindo.testAR01;
				PRODUCT_NAME = "$(TARGET_NAME)";
				SWIFT_VERSION = 4.2;
				TARGETED_DEVICE_FAMILY = "1,2";
			};
			name = Debug;
		};
		A3E1D44720D9498B00EF2066 /* Release */ = {
			isa = XCBuildConfiguration;
			buildSettings = {
				ASSETCATALOG_COMPILER_APPICON_NAME = AppIcon;
				CODE_SIGN_STYLE = Automatic;
				DEVELOPMENT_TEAM = 424TZ7WCP4;
				INFOPLIST_FILE = testAR01/Info.plist;
				LD_RUNPATH_SEARCH_PATHS = (
					"$(inherited)",
					"@executable_path/Frameworks",
				);
				PRODUCT_BUNDLE_IDENTIFIER = com.collindo.testAR01;
				PRODUCT_NAME = "$(TARGET_NAME)";
				SWIFT_VERSION = 4.2;
				TARGETED_DEVICE_FAMILY = "1,2";
			};
			name = Release;
		};
		A3E1D44920D9498B00EF2066 /* Debug */ = {
			isa = XCBuildConfiguration;
			buildSettings = {
				ALWAYS_EMBED_SWIFT_STANDARD_LIBRARIES = YES;
				BUNDLE_LOADER = "$(TEST_HOST)";
				CODE_SIGN_STYLE = Automatic;
				DEVELOPMENT_TEAM = 424TZ7WCP4;
				INFOPLIST_FILE = testAR01Tests/Info.plist;
				LD_RUNPATH_SEARCH_PATHS = (
					"$(inherited)",
					"@executable_path/Frameworks",
					"@loader_path/Frameworks",
				);
				PRODUCT_BUNDLE_IDENTIFIER = com.collindo.testAR01Tests;
				PRODUCT_NAME = "$(TARGET_NAME)";
				SWIFT_VERSION = 4.2;
				TARGETED_DEVICE_FAMILY = "1,2";
				TEST_HOST = "$(BUILT_PRODUCTS_DIR)/testAR01.app/testAR01";
			};
			name = Debug;
		};
		A3E1D44A20D9498B00EF2066 /* Release */ = {
			isa = XCBuildConfiguration;
			buildSettings = {
				ALWAYS_EMBED_SWIFT_STANDARD_LIBRARIES = YES;
				BUNDLE_LOADER = "$(TEST_HOST)";
				CODE_SIGN_STYLE = Automatic;
				DEVELOPMENT_TEAM = 424TZ7WCP4;
				INFOPLIST_FILE = testAR01Tests/Info.plist;
				LD_RUNPATH_SEARCH_PATHS = (
					"$(inherited)",
					"@executable_path/Frameworks",
					"@loader_path/Frameworks",
				);
				PRODUCT_BUNDLE_IDENTIFIER = com.collindo.testAR01Tests;
				PRODUCT_NAME = "$(TARGET_NAME)";
				SWIFT_VERSION = 4.2;
				TARGETED_DEVICE_FAMILY = "1,2";
				TEST_HOST = "$(BUILT_PRODUCTS_DIR)/testAR01.app/testAR01";
			};
			name = Release;
		};
		A3E1D44C20D9498B00EF2066 /* Debug */ = {
			isa = XCBuildConfiguration;
			buildSettings = {
				ALWAYS_EMBED_SWIFT_STANDARD_LIBRARIES = YES;
				CODE_SIGN_STYLE = Automatic;
				DEVELOPMENT_TEAM = 424TZ7WCP4;
				INFOPLIST_FILE = testAR01UITests/Info.plist;
				LD_RUNPATH_SEARCH_PATHS = (
					"$(inherited)",
					"@executable_path/Frameworks",
					"@loader_path/Frameworks",
				);
				PRODUCT_BUNDLE_IDENTIFIER = com.collindo.testAR01UITests;
				PRODUCT_NAME = "$(TARGET_NAME)";
				SWIFT_VERSION = 4.2;
				TARGETED_DEVICE_FAMILY = "1,2";
				TEST_TARGET_NAME = testAR01;
			};
			name = Debug;
		};
		A3E1D44D20D9498B00EF2066 /* Release */ = {
			isa = XCBuildConfiguration;
			buildSettings = {
				ALWAYS_EMBED_SWIFT_STANDARD_LIBRARIES = YES;
				CODE_SIGN_STYLE = Automatic;
				DEVELOPMENT_TEAM = 424TZ7WCP4;
				INFOPLIST_FILE = testAR01UITests/Info.plist;
				LD_RUNPATH_SEARCH_PATHS = (
					"$(inherited)",
					"@executable_path/Frameworks",
					"@loader_path/Frameworks",
				);
				PRODUCT_BUNDLE_IDENTIFIER = com.collindo.testAR01UITests;
				PRODUCT_NAME = "$(TARGET_NAME)";
				SWIFT_VERSION = 4.2;
				TARGETED_DEVICE_FAMILY = "1,2";
				TEST_TARGET_NAME = testAR01;
			};
			name = Release;
		};
/* End XCBuildConfiguration section */

/* Begin XCConfigurationList section */
		A3E1D41620D9498900EF2066 /* Build configuration list for PBXProject "testAR01" */ = {
			isa = XCConfigurationList;
			buildConfigurations = (
				A3E1D44320D9498B00EF2066 /* Debug */,
				A3E1D44420D9498B00EF2066 /* Release */,
			);
			defaultConfigurationIsVisible = 0;
			defaultConfigurationName = Release;
		};
		A3E1D44520D9498B00EF2066 /* Build configuration list for PBXNativeTarget "testAR01" */ = {
			isa = XCConfigurationList;
			buildConfigurations = (
				A3E1D44620D9498B00EF2066 /* Debug */,
				A3E1D44720D9498B00EF2066 /* Release */,
			);
			defaultConfigurationIsVisible = 0;
			defaultConfigurationName = Release;
		};
		A3E1D44820D9498B00EF2066 /* Build configuration list for PBXNativeTarget "testAR01Tests" */ = {
			isa = XCConfigurationList;
			buildConfigurations = (
				A3E1D44920D9498B00EF2066 /* Debug */,
				A3E1D44A20D9498B00EF2066 /* Release */,
			);
			defaultConfigurationIsVisible = 0;
			defaultConfigurationName = Release;
		};
		A3E1D44B20D9498B00EF2066 /* Build configuration list for PBXNativeTarget "testAR01UITests" */ = {
			isa = XCConfigurationList;
			buildConfigurations = (
				A3E1D44C20D9498B00EF2066 /* Debug */,
				A3E1D44D20D9498B00EF2066 /* Release */,
			);
			defaultConfigurationIsVisible = 0;
			defaultConfigurationName = Release;
		};
/* End XCConfigurationList section */
	};
	rootObject = A3E1D41320D9498900EF2066 /* Project object */;
}
